
Microsoft Visual Studio Solution File, Format Version 12.00
# Visual Studio 15
VisualStudioVersion = 15.0.27703.2035
MinimumVisualStudioVersion = 10.0.40219.1
Project("{FAE04EC0-301F-11D3-BF4B-00C04F79EFBC}") = "iOSFix.iOS", "iOSFix\iOSFix.iOS\iOSFix.iOS.csproj", "{351371C5-DCB2-49B6-A778-A9724ACC3AC4}"
EndProject
Project("{D954291E-2A0B-460D-934E-DC6B0785DB48}") = "iOSFix", "iOSFix\iOSFix\iOSFix.shproj", "{FEB10A75-031D-4FD8-A1FF-ACAA404754A2}"
EndProject
Project("{FAE04EC0-301F-11D3-BF4B-00C04F79EFBC}") = "wcfFIX", "wcfFIX\wcfFIX.csproj", "{1474ADA5-03C3-43C6-AC0E-12CF1BA37D88}"
EndProject
Global
	GlobalSection(SharedMSBuildProjectFiles) = preSolution
		iOSFix\iOSFix\iOSFix.projitems*{351371c5-dcb2-49b6-a778-a9724acc3ac4}*SharedItemsImports = 4
		iOSFix\iOSFix\iOSFix.projitems*{feb10a75-031d-4fd8-a1ff-acaa404754a2}*SharedItemsImports = 13
	EndGlobalSection
	GlobalSection(SolutionConfigurationPlatforms) = preSolution
		Ad-Hoc|Any CPU = Ad-Hoc|Any CPU
		Ad-Hoc|iPhone = Ad-Hoc|iPhone
		Ad-Hoc|iPhoneSimulator = Ad-Hoc|iPhoneSimulator
		AppStore|Any CPU = AppStore|Any CPU
		AppStore|iPhone = AppStore|iPhone
		AppStore|iPhoneSimulator = AppStore|iPhoneSimulator
		Debug|Any CPU = Debug|Any CPU
		Debug|iPhone = Debug|iPhone
		Debug|iPhoneSimulator = Debug|iPhoneSimulator
		Release|Any CPU = Release|Any CPU
		Release|iPhone = Release|iPhone
		Release|iPhoneSimulator = Release|iPhoneSimulator
	EndGlobalSection
	GlobalSection(ProjectConfigurationPlatforms) = postSolution
		{351371C5-DCB2-49B6-A778-A9724ACC3AC4}.Ad-Hoc|Any CPU.ActiveCfg = Ad-Hoc|iPhoneSimulator
		{351371C5-DCB2-49B6-A778-A9724ACC3AC4}.Ad-Hoc|iPhone.ActiveCfg = Ad-Hoc|iPhone
		{351371C5-DCB2-49B6-A778-A9724ACC3AC4}.Ad-Hoc|iPhone.Build.0 = Ad-Hoc|iPhone
		{351371C5-DCB2-49B6-A778-A9724ACC3AC4}.Ad-Hoc|iPhoneSimulator.ActiveCfg = Ad-Hoc|iPhoneSimulator
		{351371C5-DCB2-49B6-A778-A9724ACC3AC4}.Ad-Hoc|iPhoneSimulator.Build.0 = Ad-Hoc|iPhoneSimulator
		{351371C5-DCB2-49B6-A778-A9724ACC3AC4}.AppStore|Any CPU.ActiveCfg = AppStore|iPhoneSimulator
		{351371C5-DCB2-49B6-A778-A9724ACC3AC4}.AppStore|iPhone.ActiveCfg = AppStore|iPhone
		{351371C5-DCB2-49B6-A778-A9724ACC3AC4}.AppStore|iPhone.Build.0 = AppStore|iPhone
		{351371C5-DCB2-49B6-A778-A9724ACC3AC4}.AppStore|iPhoneSimulator.ActiveCfg = AppStore|iPhoneSimulator
		{351371C5-DCB2-49B6-A778-A9724ACC3AC4}.AppStore|iPhoneSimulator.Build.0 = AppStore|iPhoneSimulator
		{351371C5-DCB2-49B6-A778-A9724ACC3AC4}.Debug|Any CPU.ActiveCfg = Debug|iPhoneSimulator
		{351371C5-DCB2-49B6-A778-A9724ACC3AC4}.Debug|iPhone.ActiveCfg = Debug|iPhone
		{351371C5-DCB2-49B6-A778-A9724ACC3AC4}.Debug|iPhone.Build.0 = Debug|iPhone
		{351371C5-DCB2-49B6-A778-A9724ACC3AC4}.Debug|iPhoneSimulator.ActiveCfg = Debug|iPhoneSimulator
		{351371C5-DCB2-49B6-A778-A9724ACC3AC4}.Debug|iPhoneSimulator.Build.0 = Debug|iPhoneSimulator
		{351371C5-DCB2-49B6-A778-A9724ACC3AC4}.Release|Any CPU.ActiveCfg = Release|iPhoneSimulator
		{351371C5-DCB2-49B6-A778-A9724ACC3AC4}.Release|iPhone.ActiveCfg = Release|iPhone
		{351371C5-DCB2-49B6-A778-A9724ACC3AC4}.Release|iPhone.Build.0 = Release|iPhone
		{351371C5-DCB2-49B6-A778-A9724ACC3AC4}.Release|iPhoneSimulator.ActiveCfg = Release|iPhoneSimulator
		{351371C5-DCB2-49B6-A778-A9724ACC3AC4}.Release|iPhoneSimulator.Build.0 = Release|iPhoneSimulator
		{1474ADA5-03C3-43C6-AC0E-12CF1BA37D88}.Ad-Hoc|Any CPU.ActiveCfg = Release|Any CPU
		{1474ADA5-03C3-43C6-AC0E-12CF1BA37D88}.Ad-Hoc|Any CPU.Build.0 = Release|Any CPU
		{1474ADA5-03C3-43C6-AC0E-12CF1BA37D88}.Ad-Hoc|iPhone.ActiveCfg = Release|Any CPU
		{1474ADA5-03C3-43C6-AC0E-12CF1BA37D88}.Ad-Hoc|iPhone.Build.0 = Release|Any CPU
		{1474ADA5-03C3-43C6-AC0E-12CF1BA37D88}.Ad-Hoc|iPhoneSimulator.ActiveCfg = Release|Any CPU
		{1474ADA5-03C3-43C6-AC0E-12CF1BA37D88}.Ad-Hoc|iPhoneSimulator.Build.0 = Release|Any CPU
		{1474ADA5-03C3-43C6-AC0E-12CF1BA37D88}.AppStore|Any CPU.ActiveCfg = Release|Any CPU
		{1474ADA5-03C3-43C6-AC0E-12CF1BA37D88}.AppStore|Any CPU.Build.0 = Release|Any CPU
		{1474ADA5-03C3-43C6-AC0E-12CF1BA37D88}.AppStore|iPhone.ActiveCfg = Release|Any CPU
		{1474ADA5-03C3-43C6-AC0E-12CF1BA37D88}.AppStore|iPhone.Build.0 = Release|Any CPU
		{1474ADA5-03C3-43C6-AC0E-12CF1BA37D88}.AppStore|iPhoneSimulator.ActiveCfg = Release|Any CPU
		{1474ADA5-03C3-43C6-AC0E-12CF1BA37D88}.AppStore|iPhoneSimulator.Build.0 = Release|Any CPU
		{1474ADA5-03C3-43C6-AC0E-12CF1BA37D88}.Debug|Any CPU.ActiveCfg = Debug|Any CPU
		{1474ADA5-03C3-43C6-AC0E-12CF1BA37D88}.Debug|Any CPU.Build.0 = Debug|Any CPU
		{1474ADA5-03C3-43C6-AC0E-12CF1BA37D88}.Debug|iPhone.ActiveCfg = Debug|Any CPU
		{1474ADA5-03C3-43C6-AC0E-12CF1BA37D88}.Debug|iPhone.Build.0 = Debug|Any CPU
		{1474ADA5-03C3-43C6-AC0E-12CF1BA37D88}.Debug|iPhoneSimulator.ActiveCfg = Debug|Any CPU
		{1474ADA5-03C3-43C6-AC0E-12CF1BA37D88}.Debug|iPhoneSimulator.Build.0 = Debug|Any CPU
		{1474ADA5-03C3-43C6-AC0E-12CF1BA37D88}.Release|Any CPU.ActiveCfg = Release|Any CPU
		{1474ADA5-03C3-43C6-AC0E-12CF1BA37D88}.Release|Any CPU.Build.0 = Release|Any CPU
		{1474ADA5-03C3-43C6-AC0E-12CF1BA37D88}.Release|iPhone.ActiveCfg = Release|Any CPU
		{1474ADA5-03C3-43C6-AC0E-12CF1BA37D88}.Release|iPhone.Build.0 = Release|Any CPU
		{1474ADA5-03C3-43C6-AC0E-12CF1BA37D88}.Release|iPhoneSimulator.ActiveCfg = Release|Any CPU
		{1474ADA5-03C3-43C6-AC0E-12CF1BA37D88}.Release|iPhoneSimulator.Build.0 = Release|Any CPU
	EndGlobalSection
	GlobalSection(SolutionProperties) = preSolution
		HideSolutionNode = FALSE
	EndGlobalSection
	GlobalSection(ExtensibilityGlobals) = postSolution
		SolutionGuid = {96A119ED-5A43-4F76-AEBE-975887BF1427}
	EndGlobalSection
EndGlobal
